// !$*UTF8*$!
{
	archiveVersion = 1;
	classes = {
	};
	objectVersion = 55;
	objects = {

/* Begin PBXBuildFile section */
		BA1753182853BDEF0087BB3A /* AppDelegate.swift in Sources */ = {isa = PBXBuildFile; fileRef = BA1753172853BDEF0087BB3A /* AppDelegate.swift */; };
		BA17531A2853BDEF0087BB3A /* SceneDelegate.swift in Sources */ = {isa = PBXBuildFile; fileRef = BA1753192853BDEF0087BB3A /* SceneDelegate.swift */; };
		BA17531F2853BDEF0087BB3A /* Main.storyboard in Resources */ = {isa = PBXBuildFile; fileRef = BA17531D2853BDEF0087BB3A /* Main.storyboard */; };
		BA1753212853BDEF0087BB3A /* Assets.xcassets in Resources */ = {isa = PBXBuildFile; fileRef = BA1753202853BDEF0087BB3A /* Assets.xcassets */; };
		BA1753242853BDEF0087BB3A /* LaunchScreen.storyboard in Resources */ = {isa = PBXBuildFile; fileRef = BA1753222853BDEF0087BB3A /* LaunchScreen.storyboard */; };
		BA17532D2853BE390087BB3A /* TAPlayerViewController.swift in Sources */ = {isa = PBXBuildFile; fileRef = BA17532C2853BE390087BB3A /* TAPlayerViewController.swift */; };
		BA1753302853BE650087BB3A /* TAHomeScreenViewController.swift in Sources */ = {isa = PBXBuildFile; fileRef = BA17532F2853BE650087BB3A /* TAHomeScreenViewController.swift */; };
		BA1753382853C2470087BB3A /* AppDelegate.swift in Sources */ = {isa = PBXBuildFile; fileRef = BA1753372853C2470087BB3A /* AppDelegate.swift */; };
		BA17533A2853C2470087BB3A /* ViewController.swift in Sources */ = {isa = PBXBuildFile; fileRef = BA1753392853C2470087BB3A /* ViewController.swift */; };
		BA17533D2853C2470087BB3A /* Main.storyboard in Resources */ = {isa = PBXBuildFile; fileRef = BA17533B2853C2470087BB3A /* Main.storyboard */; };
		BA17533F2853C2480087BB3A /* Assets.xcassets in Resources */ = {isa = PBXBuildFile; fileRef = BA17533E2853C2480087BB3A /* Assets.xcassets */; };
		BA1753422853C2480087BB3A /* LaunchScreen.storyboard in Resources */ = {isa = PBXBuildFile; fileRef = BA1753402853C2480087BB3A /* LaunchScreen.storyboard */; };
		BA1753482853C38C0087BB3A /* TAPlayerViewController.swift in Sources */ = {isa = PBXBuildFile; fileRef = BA1753472853C38C0087BB3A /* TAPlayerViewController.swift */; };
		BA17534B2853C3D90087BB3A /* TAHomeScreenViewController.swift in Sources */ = {isa = PBXBuildFile; fileRef = BA17534A2853C3D90087BB3A /* TAHomeScreenViewController.swift */; };
		BA24E26328622E4C0049BFF6 /* TACustomizedPlayerViewController.swift in Sources */ = {isa = PBXBuildFile; fileRef = BA24E26228622E4C0049BFF6 /* TACustomizedPlayerViewController.swift */; };
		BA24E26628622E620049BFF6 /* TACustomizedPlayerViewController.swift in Sources */ = {isa = PBXBuildFile; fileRef = BA24E26528622E620049BFF6 /* TACustomizedPlayerViewController.swift */; };
		BA419BE52853EA95008566B0 /* TAAppDelegate.swift in Sources */ = {isa = PBXBuildFile; fileRef = BA419BE42853EA95008566B0 /* TAAppDelegate.swift */; };
		BA419BE62853EA95008566B0 /* TAAppDelegate.swift in Sources */ = {isa = PBXBuildFile; fileRef = BA419BE42853EA95008566B0 /* TAAppDelegate.swift */; };
		BA419BE82853EB52008566B0 /* TAApplication.swift in Sources */ = {isa = PBXBuildFile; fileRef = BA419BE72853EB52008566B0 /* TAApplication.swift */; };
		BA419BE92853EB52008566B0 /* TAApplication.swift in Sources */ = {isa = PBXBuildFile; fileRef = BA419BE72853EB52008566B0 /* TAApplication.swift */; };
		BA419BEC2853EBCE008566B0 /* UIApplication+Extensions.swift in Sources */ = {isa = PBXBuildFile; fileRef = BA419BEB2853EBCE008566B0 /* UIApplication+Extensions.swift */; };
		BA419BED2853EBCE008566B0 /* UIApplication+Extensions.swift in Sources */ = {isa = PBXBuildFile; fileRef = BA419BEB2853EBCE008566B0 /* UIApplication+Extensions.swift */; };
/* End PBXBuildFile section */

/* Begin PBXFileReference section */
		BA1753142853BDEF0087BB3A /* TimTestVideoPlayer-iOS.app */ = {isa = PBXFileReference; explicitFileType = wrapper.application; includeInIndex = 0; path = "TimTestVideoPlayer-iOS.app"; sourceTree = BUILT_PRODUCTS_DIR; };
		BA1753172853BDEF0087BB3A /* AppDelegate.swift */ = {isa = PBXFileReference; lastKnownFileType = sourcecode.swift; path = AppDelegate.swift; sourceTree = "<group>"; };
		BA1753192853BDEF0087BB3A /* SceneDelegate.swift */ = {isa = PBXFileReference; lastKnownFileType = sourcecode.swift; path = SceneDelegate.swift; sourceTree = "<group>"; };
		BA17531E2853BDEF0087BB3A /* Base */ = {isa = PBXFileReference; lastKnownFileType = file.storyboard; name = Base; path = Base.lproj/Main.storyboard; sourceTree = "<group>"; };
		BA1753202853BDEF0087BB3A /* Assets.xcassets */ = {isa = PBXFileReference; lastKnownFileType = folder.assetcatalog; path = Assets.xcassets; sourceTree = "<group>"; };
		BA1753232853BDEF0087BB3A /* Base */ = {isa = PBXFileReference; lastKnownFileType = file.storyboard; name = Base; path = Base.lproj/LaunchScreen.storyboard; sourceTree = "<group>"; };
		BA1753252853BDEF0087BB3A /* Info.plist */ = {isa = PBXFileReference; lastKnownFileType = text.plist.xml; path = Info.plist; sourceTree = "<group>"; };
		BA17532C2853BE390087BB3A /* TAPlayerViewController.swift */ = {isa = PBXFileReference; lastKnownFileType = sourcecode.swift; path = TAPlayerViewController.swift; sourceTree = "<group>"; };
		BA17532F2853BE650087BB3A /* TAHomeScreenViewController.swift */ = {isa = PBXFileReference; lastKnownFileType = sourcecode.swift; path = TAHomeScreenViewController.swift; sourceTree = "<group>"; };
		BA1753352853C2470087BB3A /* TimTestVideoPlayer-tvOS.app */ = {isa = PBXFileReference; explicitFileType = wrapper.application; includeInIndex = 0; path = "TimTestVideoPlayer-tvOS.app"; sourceTree = BUILT_PRODUCTS_DIR; };
		BA1753372853C2470087BB3A /* AppDelegate.swift */ = {isa = PBXFileReference; lastKnownFileType = sourcecode.swift; path = AppDelegate.swift; sourceTree = "<group>"; };
		BA1753392853C2470087BB3A /* ViewController.swift */ = {isa = PBXFileReference; lastKnownFileType = sourcecode.swift; path = ViewController.swift; sourceTree = "<group>"; };
		BA17533C2853C2470087BB3A /* Base */ = {isa = PBXFileReference; lastKnownFileType = file.storyboard; name = Base; path = Base.lproj/Main.storyboard; sourceTree = "<group>"; };
		BA17533E2853C2480087BB3A /* Assets.xcassets */ = {isa = PBXFileReference; lastKnownFileType = folder.assetcatalog; path = Assets.xcassets; sourceTree = "<group>"; };
		BA1753412853C2480087BB3A /* Base */ = {isa = PBXFileReference; lastKnownFileType = file.storyboard; name = Base; path = Base.lproj/LaunchScreen.storyboard; sourceTree = "<group>"; };
		BA1753472853C38C0087BB3A /* TAPlayerViewController.swift */ = {isa = PBXFileReference; lastKnownFileType = sourcecode.swift; path = TAPlayerViewController.swift; sourceTree = "<group>"; };
		BA17534A2853C3D90087BB3A /* TAHomeScreenViewController.swift */ = {isa = PBXFileReference; lastKnownFileType = sourcecode.swift; path = TAHomeScreenViewController.swift; sourceTree = "<group>"; };
		BA24E26228622E4C0049BFF6 /* TACustomizedPlayerViewController.swift */ = {isa = PBXFileReference; lastKnownFileType = sourcecode.swift; path = TACustomizedPlayerViewController.swift; sourceTree = "<group>"; };
		BA24E26528622E620049BFF6 /* TACustomizedPlayerViewController.swift */ = {isa = PBXFileReference; lastKnownFileType = sourcecode.swift; path = TACustomizedPlayerViewController.swift; sourceTree = "<group>"; };
		BA419BE42853EA95008566B0 /* TAAppDelegate.swift */ = {isa = PBXFileReference; lastKnownFileType = sourcecode.swift; path = TAAppDelegate.swift; sourceTree = "<group>"; };
		BA419BE72853EB52008566B0 /* TAApplication.swift */ = {isa = PBXFileReference; lastKnownFileType = sourcecode.swift; path = TAApplication.swift; sourceTree = "<group>"; };
		BA419BEB2853EBCE008566B0 /* UIApplication+Extensions.swift */ = {isa = PBXFileReference; lastKnownFileType = sourcecode.swift; path = "UIApplication+Extensions.swift"; sourceTree = "<group>"; };
		BA7B5D8F2853CBDF0032DD64 /* Info.plist */ = {isa = PBXFileReference; lastKnownFileType = text.plist; path = Info.plist; sourceTree = "<group>"; };
/* End PBXFileReference section */

/* Begin PBXFrameworksBuildPhase section */
		BA1753112853BDEF0087BB3A /* Frameworks */ = {
			isa = PBXFrameworksBuildPhase;
			buildActionMask = 2147483647;
			files = (
			);
			runOnlyForDeploymentPostprocessing = 0;
		};
		BA1753322853C2470087BB3A /* Frameworks */ = {
			isa = PBXFrameworksBuildPhase;
			buildActionMask = 2147483647;
			files = (
			);
			runOnlyForDeploymentPostprocessing = 0;
		};
/* End PBXFrameworksBuildPhase section */

/* Begin PBXGroup section */
		BA17530B2853BDEE0087BB3A = {
			isa = PBXGroup;
			children = (
				BA419BE32853EA7A008566B0 /* Shared */,
				BA1753162853BDEF0087BB3A /* TimTestVideoPlayer-iOS */,
				BA1753362853C2470087BB3A /* TimTestVideoPlayer-tvOS */,
				BA1753152853BDEF0087BB3A /* Products */,
			);
			sourceTree = "<group>";
		};
		BA1753152853BDEF0087BB3A /* Products */ = {
			isa = PBXGroup;
			children = (
				BA1753142853BDEF0087BB3A /* TimTestVideoPlayer-iOS.app */,
				BA1753352853C2470087BB3A /* TimTestVideoPlayer-tvOS.app */,
			);
			name = Products;
			sourceTree = "<group>";
		};
		BA1753162853BDEF0087BB3A /* TimTestVideoPlayer-iOS */ = {
			isa = PBXGroup;
			children = (
				BA17532E2853BE420087BB3A /* Home */,
				BA17532B2853BE270087BB3A /* Players */,
				BA1753172853BDEF0087BB3A /* AppDelegate.swift */,
				BA1753192853BDEF0087BB3A /* SceneDelegate.swift */,
				BA17531D2853BDEF0087BB3A /* Main.storyboard */,
				BA1753202853BDEF0087BB3A /* Assets.xcassets */,
				BA1753222853BDEF0087BB3A /* LaunchScreen.storyboard */,
				BA1753252853BDEF0087BB3A /* Info.plist */,
			);
			path = "TimTestVideoPlayer-iOS";
			sourceTree = "<group>";
		};
		BA17532B2853BE270087BB3A /* Players */ = {
			isa = PBXGroup;
			children = (
				BA24E26128622E040049BFF6 /* Custom */,
				BA17532C2853BE390087BB3A /* TAPlayerViewController.swift */,
			);
			path = Players;
			sourceTree = "<group>";
		};
		BA17532E2853BE420087BB3A /* Home */ = {
			isa = PBXGroup;
			children = (
				BA17532F2853BE650087BB3A /* TAHomeScreenViewController.swift */,
			);
			path = Home;
			sourceTree = "<group>";
		};
		BA1753362853C2470087BB3A /* TimTestVideoPlayer-tvOS */ = {
			isa = PBXGroup;
			children = (
				BA7B5D8F2853CBDF0032DD64 /* Info.plist */,
				BA1753492853C3CA0087BB3A /* Home */,
				BA1753462853C3730087BB3A /* Players */,
				BA1753372853C2470087BB3A /* AppDelegate.swift */,
				BA1753392853C2470087BB3A /* ViewController.swift */,
				BA17533B2853C2470087BB3A /* Main.storyboard */,
				BA17533E2853C2480087BB3A /* Assets.xcassets */,
				BA1753402853C2480087BB3A /* LaunchScreen.storyboard */,
			);
			path = "TimTestVideoPlayer-tvOS";
			sourceTree = "<group>";
		};
		BA1753462853C3730087BB3A /* Players */ = {
			isa = PBXGroup;
			children = (
				BA24E26428622E550049BFF6 /* Custom */,
				BA1753472853C38C0087BB3A /* TAPlayerViewController.swift */,
			);
			path = Players;
			sourceTree = "<group>";
		};
		BA1753492853C3CA0087BB3A /* Home */ = {
			isa = PBXGroup;
			children = (
				BA17534A2853C3D90087BB3A /* TAHomeScreenViewController.swift */,
			);
			path = Home;
			sourceTree = "<group>";
		};
		BA24E26128622E040049BFF6 /* Custom */ = {
			isa = PBXGroup;
			children = (
				BA24E26228622E4C0049BFF6 /* TACustomizedPlayerViewController.swift */,
			);
			path = Custom;
			sourceTree = "<group>";
		};
		BA24E26428622E550049BFF6 /* Custom */ = {
			isa = PBXGroup;
			children = (
				BA24E26528622E620049BFF6 /* TACustomizedPlayerViewController.swift */,
			);
			path = Custom;
			sourceTree = "<group>";
		};
		BA24E26B28624E3D0049BFF6 /* TAAppDelegate */ = {
			isa = PBXGroup;
			children = (
				BA419BE72853EB52008566B0 /* TAApplication.swift */,
				BA419BE42853EA95008566B0 /* TAAppDelegate.swift */,
			);
			path = TAAppDelegate;
			sourceTree = "<group>";
		};
		BA419BE32853EA7A008566B0 /* Shared */ = {
			isa = PBXGroup;
			children = (
				BA24E26B28624E3D0049BFF6 /* TAAppDelegate */,
				BA419BEA2853EBBD008566B0 /* Extensions */,
			);
			path = Shared;
			sourceTree = "<group>";
		};
		BA419BEA2853EBBD008566B0 /* Extensions */ = {
			isa = PBXGroup;
			children = (
				BA419BEB2853EBCE008566B0 /* UIApplication+Extensions.swift */,
			);
			path = Extensions;
			sourceTree = "<group>";
		};
/* End PBXGroup section */

/* Begin PBXNativeTarget section */
		BA1753132853BDEF0087BB3A /* TimTestVideoPlayer-iOS */ = {
			isa = PBXNativeTarget;
			buildConfigurationList = BA1753282853BDEF0087BB3A /* Build configuration list for PBXNativeTarget "TimTestVideoPlayer-iOS" */;
			buildPhases = (
				BA1753102853BDEF0087BB3A /* Sources */,
				BA1753112853BDEF0087BB3A /* Frameworks */,
				BA1753122853BDEF0087BB3A /* Resources */,
			);
			buildRules = (
			);
			dependencies = (
			);
			name = "TimTestVideoPlayer-iOS";
			productName = TimTestVideoPlayer;
			productReference = BA1753142853BDEF0087BB3A /* TimTestVideoPlayer-iOS.app */;
			productType = "com.apple.product-type.application";
		};
		BA1753342853C2470087BB3A /* TimTestVideoPlayer-tvOS */ = {
			isa = PBXNativeTarget;
			buildConfigurationList = BA1753432853C2480087BB3A /* Build configuration list for PBXNativeTarget "TimTestVideoPlayer-tvOS" */;
			buildPhases = (
				BA1753312853C2470087BB3A /* Sources */,
				BA1753322853C2470087BB3A /* Frameworks */,
				BA1753332853C2470087BB3A /* Resources */,
			);
			buildRules = (
			);
			dependencies = (
			);
			name = "TimTestVideoPlayer-tvOS";
			productName = "TimTestVideoPlayer-tvOS";
			productReference = BA1753352853C2470087BB3A /* TimTestVideoPlayer-tvOS.app */;
			productType = "com.apple.product-type.application";
		};
/* End PBXNativeTarget section */

/* Begin PBXProject section */
		BA17530C2853BDEE0087BB3A /* Project object */ = {
			isa = PBXProject;
			attributes = {
				BuildIndependentTargetsInParallel = 1;
				LastSwiftUpdateCheck = 1330;
				LastUpgradeCheck = 1330;
				TargetAttributes = {
					BA1753132853BDEF0087BB3A = {
						CreatedOnToolsVersion = 13.3.1;
					};
					BA1753342853C2470087BB3A = {
						CreatedOnToolsVersion = 13.3.1;
					};
				};
			};
			buildConfigurationList = BA17530F2853BDEE0087BB3A /* Build configuration list for PBXProject "TimTestVideoPlayer" */;
			compatibilityVersion = "Xcode 13.0";
			developmentRegion = en;
			hasScannedForEncodings = 0;
			knownRegions = (
				en,
				Base,
			);
			mainGroup = BA17530B2853BDEE0087BB3A;
			productRefGroup = BA1753152853BDEF0087BB3A /* Products */;
			projectDirPath = "";
			projectRoot = "";
			targets = (
				BA1753132853BDEF0087BB3A /* TimTestVideoPlayer-iOS */,
				BA1753342853C2470087BB3A /* TimTestVideoPlayer-tvOS */,
			);
		};
/* End PBXProject section */

/* Begin PBXResourcesBuildPhase section */
		BA1753122853BDEF0087BB3A /* Resources */ = {
			isa = PBXResourcesBuildPhase;
			buildActionMask = 2147483647;
			files = (
				BA1753242853BDEF0087BB3A /* LaunchScreen.storyboard in Resources */,
				BA1753212853BDEF0087BB3A /* Assets.xcassets in Resources */,
				BA17531F2853BDEF0087BB3A /* Main.storyboard in Resources */,
			);
			runOnlyForDeploymentPostprocessing = 0;
		};
		BA1753332853C2470087BB3A /* Resources */ = {
			isa = PBXResourcesBuildPhase;
			buildActionMask = 2147483647;
			files = (
				BA1753422853C2480087BB3A /* LaunchScreen.storyboard in Resources */,
				BA17533F2853C2480087BB3A /* Assets.xcassets in Resources */,
				BA17533D2853C2470087BB3A /* Main.storyboard in Resources */,
			);
			runOnlyForDeploymentPostprocessing = 0;
		};
/* End PBXResourcesBuildPhase section */

/* Begin PBXSourcesBuildPhase section */
		BA1753102853BDEF0087BB3A /* Sources */ = {
			isa = PBXSourcesBuildPhase;
			buildActionMask = 2147483647;
			files = (
				BA419BEC2853EBCE008566B0 /* UIApplication+Extensions.swift in Sources */,
				BA24E26328622E4C0049BFF6 /* TACustomizedPlayerViewController.swift in Sources */,
				BA1753302853BE650087BB3A /* TAHomeScreenViewController.swift in Sources */,
				BA419BE82853EB52008566B0 /* TAApplication.swift in Sources */,
				BA17532D2853BE390087BB3A /* TAPlayerViewController.swift in Sources */,
				BA1753182853BDEF0087BB3A /* AppDelegate.swift in Sources */,
				BA419BE52853EA95008566B0 /* TAAppDelegate.swift in Sources */,
				BA17531A2853BDEF0087BB3A /* SceneDelegate.swift in Sources */,
			);
			runOnlyForDeploymentPostprocessing = 0;
		};
		BA1753312853C2470087BB3A /* Sources */ = {
			isa = PBXSourcesBuildPhase;
			buildActionMask = 2147483647;
			files = (
				BA419BED2853EBCE008566B0 /* UIApplication+Extensions.swift in Sources */,
				BA24E26628622E620049BFF6 /* TACustomizedPlayerViewController.swift in Sources */,
				BA17534B2853C3D90087BB3A /* TAHomeScreenViewController.swift in Sources */,
				BA419BE92853EB52008566B0 /* TAApplication.swift in Sources */,
				BA1753482853C38C0087BB3A /* TAPlayerViewController.swift in Sources */,
				BA17533A2853C2470087BB3A /* ViewController.swift in Sources */,
				BA419BE62853EA95008566B0 /* TAAppDelegate.swift in Sources */,
				BA1753382853C2470087BB3A /* AppDelegate.swift in Sources */,
			);
			runOnlyForDeploymentPostprocessing = 0;
		};
/* End PBXSourcesBuildPhase section */

/* Begin PBXVariantGroup section */
		BA17531D2853BDEF0087BB3A /* Main.storyboard */ = {
			isa = PBXVariantGroup;
			children = (
				BA17531E2853BDEF0087BB3A /* Base */,
			);
			name = Main.storyboard;
			sourceTree = "<group>";
		};
		BA1753222853BDEF0087BB3A /* LaunchScreen.storyboard */ = {
			isa = PBXVariantGroup;
			children = (
				BA1753232853BDEF0087BB3A /* Base */,
			);
			name = LaunchScreen.storyboard;
			sourceTree = "<group>";
		};
		BA17533B2853C2470087BB3A /* Main.storyboard */ = {
			isa = PBXVariantGroup;
			children = (
				BA17533C2853C2470087BB3A /* Base */,
			);
			name = Main.storyboard;
			sourceTree = "<group>";
		};
		BA1753402853C2480087BB3A /* LaunchScreen.storyboard */ = {
			isa = PBXVariantGroup;
			children = (
				BA1753412853C2480087BB3A /* Base */,
			);
			name = LaunchScreen.storyboard;
			sourceTree = "<group>";
		};
/* End PBXVariantGroup section */

/* Begin XCBuildConfiguration section */
		BA1753262853BDEF0087BB3A /* Debug */ = {
			isa = XCBuildConfiguration;
			buildSettings = {
				ALWAYS_SEARCH_USER_PATHS = NO;
				CLANG_ANALYZER_NONNULL = YES;
				CLANG_ANALYZER_NUMBER_OBJECT_CONVERSION = YES_AGGRESSIVE;
				CLANG_CXX_LANGUAGE_STANDARD = "gnu++17";
				CLANG_ENABLE_MODULES = YES;
				CLANG_ENABLE_OBJC_ARC = YES;
				CLANG_ENABLE_OBJC_WEAK = YES;
				CLANG_WARN_BLOCK_CAPTURE_AUTORELEASING = YES;
				CLANG_WARN_BOOL_CONVERSION = YES;
				CLANG_WARN_COMMA = YES;
				CLANG_WARN_CONSTANT_CONVERSION = YES;
				CLANG_WARN_DEPRECATED_OBJC_IMPLEMENTATIONS = YES;
				CLANG_WARN_DIRECT_OBJC_ISA_USAGE = YES_ERROR;
				CLANG_WARN_DOCUMENTATION_COMMENTS = YES;
				CLANG_WARN_EMPTY_BODY = YES;
				CLANG_WARN_ENUM_CONVERSION = YES;
				CLANG_WARN_INFINITE_RECURSION = YES;
				CLANG_WARN_INT_CONVERSION = YES;
				CLANG_WARN_NON_LITERAL_NULL_CONVERSION = YES;
				CLANG_WARN_OBJC_IMPLICIT_RETAIN_SELF = YES;
				CLANG_WARN_OBJC_LITERAL_CONVERSION = YES;
				CLANG_WARN_OBJC_ROOT_CLASS = YES_ERROR;
				CLANG_WARN_QUOTED_INCLUDE_IN_FRAMEWORK_HEADER = YES;
				CLANG_WARN_RANGE_LOOP_ANALYSIS = YES;
				CLANG_WARN_STRICT_PROTOTYPES = YES;
				CLANG_WARN_SUSPICIOUS_MOVE = YES;
				CLANG_WARN_UNGUARDED_AVAILABILITY = YES_AGGRESSIVE;
				CLANG_WARN_UNREACHABLE_CODE = YES;
				CLANG_WARN__DUPLICATE_METHOD_MATCH = YES;
				COPY_PHASE_STRIP = NO;
				DEBUG_INFORMATION_FORMAT = dwarf;
				ENABLE_STRICT_OBJC_MSGSEND = YES;
				ENABLE_TESTABILITY = YES;
				GCC_C_LANGUAGE_STANDARD = gnu11;
				GCC_DYNAMIC_NO_PIC = NO;
				GCC_NO_COMMON_BLOCKS = YES;
				GCC_OPTIMIZATION_LEVEL = 0;
				GCC_PREPROCESSOR_DEFINITIONS = (
					"DEBUG=1",
					"$(inherited)",
				);
				GCC_WARN_64_TO_32_BIT_CONVERSION = YES;
				GCC_WARN_ABOUT_RETURN_TYPE = YES_ERROR;
				GCC_WARN_UNDECLARED_SELECTOR = YES;
				GCC_WARN_UNINITIALIZED_AUTOS = YES_AGGRESSIVE;
				GCC_WARN_UNUSED_FUNCTION = YES;
				GCC_WARN_UNUSED_VARIABLE = YES;
				IPHONEOS_DEPLOYMENT_TARGET = 15.4;
				MTL_ENABLE_DEBUG_INFO = INCLUDE_SOURCE;
				MTL_FAST_MATH = YES;
				ONLY_ACTIVE_ARCH = YES;
				SDKROOT = iphoneos;
				SWIFT_ACTIVE_COMPILATION_CONDITIONS = DEBUG;
				SWIFT_OPTIMIZATION_LEVEL = "-Onone";
			};
			name = Debug;
		};
		BA1753272853BDEF0087BB3A /* Release */ = {
			isa = XCBuildConfiguration;
			buildSettings = {
				ALWAYS_SEARCH_USER_PATHS = NO;
				CLANG_ANALYZER_NONNULL = YES;
				CLANG_ANALYZER_NUMBER_OBJECT_CONVERSION = YES_AGGRESSIVE;
				CLANG_CXX_LANGUAGE_STANDARD = "gnu++17";
				CLANG_ENABLE_MODULES = YES;
				CLANG_ENABLE_OBJC_ARC = YES;
				CLANG_ENABLE_OBJC_WEAK = YES;
				CLANG_WARN_BLOCK_CAPTURE_AUTORELEASING = YES;
				CLANG_WARN_BOOL_CONVERSION = YES;
				CLANG_WARN_COMMA = YES;
				CLANG_WARN_CONSTANT_CONVERSION = YES;
				CLANG_WARN_DEPRECATED_OBJC_IMPLEMENTATIONS = YES;
				CLANG_WARN_DIRECT_OBJC_ISA_USAGE = YES_ERROR;
				CLANG_WARN_DOCUMENTATION_COMMENTS = YES;
				CLANG_WARN_EMPTY_BODY = YES;
				CLANG_WARN_ENUM_CONVERSION = YES;
				CLANG_WARN_INFINITE_RECURSION = YES;
				CLANG_WARN_INT_CONVERSION = YES;
				CLANG_WARN_NON_LITERAL_NULL_CONVERSION = YES;
				CLANG_WARN_OBJC_IMPLICIT_RETAIN_SELF = YES;
				CLANG_WARN_OBJC_LITERAL_CONVERSION = YES;
				CLANG_WARN_OBJC_ROOT_CLASS = YES_ERROR;
				CLANG_WARN_QUOTED_INCLUDE_IN_FRAMEWORK_HEADER = YES;
				CLANG_WARN_RANGE_LOOP_ANALYSIS = YES;
				CLANG_WARN_STRICT_PROTOTYPES = YES;
				CLANG_WARN_SUSPICIOUS_MOVE = YES;
				CLANG_WARN_UNGUARDED_AVAILABILITY = YES_AGGRESSIVE;
				CLANG_WARN_UNREACHABLE_CODE = YES;
				CLANG_WARN__DUPLICATE_METHOD_MATCH = YES;
				COPY_PHASE_STRIP = NO;
				DEBUG_INFORMATION_FORMAT = "dwarf-with-dsym";
				ENABLE_NS_ASSERTIONS = NO;
				ENABLE_STRICT_OBJC_MSGSEND = YES;
				GCC_C_LANGUAGE_STANDARD = gnu11;
				GCC_NO_COMMON_BLOCKS = YES;
				GCC_WARN_64_TO_32_BIT_CONVERSION = YES;
				GCC_WARN_ABOUT_RETURN_TYPE = YES_ERROR;
				GCC_WARN_UNDECLARED_SELECTOR = YES;
				GCC_WARN_UNINITIALIZED_AUTOS = YES_AGGRESSIVE;
				GCC_WARN_UNUSED_FUNCTION = YES;
				GCC_WARN_UNUSED_VARIABLE = YES;
				IPHONEOS_DEPLOYMENT_TARGET = 15.4;
				MTL_ENABLE_DEBUG_INFO = NO;
				MTL_FAST_MATH = YES;
				SDKROOT = iphoneos;
				SWIFT_COMPILATION_MODE = wholemodule;
				SWIFT_OPTIMIZATION_LEVEL = "-O";
				VALIDATE_PRODUCT = YES;
			};
			name = Release;
		};
		BA1753292853BDEF0087BB3A /* Debug */ = {
			isa = XCBuildConfiguration;
			buildSettings = {
				ASSETCATALOG_COMPILER_APPICON_NAME = AppIcon;
				ASSETCATALOG_COMPILER_GLOBAL_ACCENT_COLOR_NAME = AccentColor;
				CODE_SIGN_STYLE = Automatic;
				CURRENT_PROJECT_VERSION = 1;
				DEVELOPMENT_TEAM = 3ZD94BR25U;
				GENERATE_INFOPLIST_FILE = YES;
				INFOPLIST_FILE = "TimTestVideoPlayer-iOS/Info.plist";
				INFOPLIST_KEY_UIApplicationSupportsIndirectInputEvents = YES;
				INFOPLIST_KEY_UILaunchStoryboardName = LaunchScreen;
				INFOPLIST_KEY_UIMainStoryboardFile = Main;
				INFOPLIST_KEY_UISupportedInterfaceOrientations_iPad = "UIInterfaceOrientationPortrait UIInterfaceOrientationPortraitUpsideDown UIInterfaceOrientationLandscapeLeft UIInterfaceOrientationLandscapeRight";
				INFOPLIST_KEY_UISupportedInterfaceOrientations_iPhone = "UIInterfaceOrientationPortrait UIInterfaceOrientationLandscapeLeft UIInterfaceOrientationLandscapeRight";
				LD_RUNPATH_SEARCH_PATHS = (
					"$(inherited)",
					"@executable_path/Frameworks",
				);
				MARKETING_VERSION = 1.0;
				PRODUCT_BUNDLE_IDENTIFIER = com.ta.TimTestVideoPlayer;
				PRODUCT_NAME = "$(TARGET_NAME)";
				SWIFT_EMIT_LOC_STRINGS = YES;
				SWIFT_VERSION = 5.0;
				TARGETED_DEVICE_FAMILY = "1,2";
			};
			name = Debug;
		};
		BA17532A2853BDEF0087BB3A /* Release */ = {
			isa = XCBuildConfiguration;
			buildSettings = {
				ASSETCATALOG_COMPILER_APPICON_NAME = AppIcon;
				ASSETCATALOG_COMPILER_GLOBAL_ACCENT_COLOR_NAME = AccentColor;
				CODE_SIGN_STYLE = Automatic;
				CURRENT_PROJECT_VERSION = 1;
				DEVELOPMENT_TEAM = 3ZD94BR25U;
				GENERATE_INFOPLIST_FILE = YES;
				INFOPLIST_FILE = "TimTestVideoPlayer-iOS/Info.plist";
				INFOPLIST_KEY_UIApplicationSupportsIndirectInputEvents = YES;
				INFOPLIST_KEY_UILaunchStoryboardName = LaunchScreen;
				INFOPLIST_KEY_UIMainStoryboardFile = Main;
				INFOPLIST_KEY_UISupportedInterfaceOrientations_iPad = "UIInterfaceOrientationPortrait UIInterfaceOrientationPortraitUpsideDown UIInterfaceOrientationLandscapeLeft UIInterfaceOrientationLandscapeRight";
				INFOPLIST_KEY_UISupportedInterfaceOrientations_iPhone = "UIInterfaceOrientationPortrait UIInterfaceOrientationLandscapeLeft UIInterfaceOrientationLandscapeRight";
				LD_RUNPATH_SEARCH_PATHS = (
					"$(inherited)",
					"@executable_path/Frameworks",
				);
				MARKETING_VERSION = 1.0;
				PRODUCT_BUNDLE_IDENTIFIER = com.ta.TimTestVideoPlayer;
				PRODUCT_NAME = "$(TARGET_NAME)";
				SWIFT_EMIT_LOC_STRINGS = YES;
				SWIFT_VERSION = 5.0;
				TARGETED_DEVICE_FAMILY = "1,2";
			};
			name = Release;
		};
		BA1753442853C2480087BB3A /* Debug */ = {
			isa = XCBuildConfiguration;
			buildSettings = {
				ASSETCATALOG_COMPILER_APPICON_NAME = "App Icon & Top Shelf Image";
				ASSETCATALOG_COMPILER_GLOBAL_ACCENT_COLOR_NAME = AccentColor;
				CODE_SIGN_STYLE = Automatic;
				CURRENT_PROJECT_VERSION = 1;
				DEVELOPMENT_TEAM = 3ZD94BR25U;
				GENERATE_INFOPLIST_FILE = YES;
				INFOPLIST_FILE = "TimTestVideoPlayer-tvOS/Info.plist";
				INFOPLIST_KEY_UILaunchStoryboardName = LaunchScreen;
				INFOPLIST_KEY_UIMainStoryboardFile = Main;
				INFOPLIST_KEY_UIUserInterfaceStyle = Automatic;
				LD_RUNPATH_SEARCH_PATHS = (
					"$(inherited)",
					"@executable_path/Frameworks",
				);
				MARKETING_VERSION = 1.0;
				PRODUCT_BUNDLE_IDENTIFIER = "com.ta.TimTestVideoPlayer-tvOS";
				PRODUCT_NAME = "$(TARGET_NAME)";
				SDKROOT = appletvos;
				SWIFT_EMIT_LOC_STRINGS = YES;
				SWIFT_VERSION = 5.0;
				TARGETED_DEVICE_FAMILY = 3;
				TVOS_DEPLOYMENT_TARGET = 15.4;
			};
			name = Debug;
		};
		BA1753452853C2480087BB3A /* Release */ = {
			isa = XCBuildConfiguration;
			buildSettings = {
				ASSETCATALOG_COMPILER_APPICON_NAME = "App Icon & Top Shelf Image";
				ASSETCATALOG_COMPILER_GLOBAL_ACCENT_COLOR_NAME = AccentColor;
				CODE_SIGN_STYLE = Automatic;
				CURRENT_PROJECT_VERSION = 1;
				DEVELOPMENT_TEAM = 3ZD94BR25U;
				GENERATE_INFOPLIST_FILE = YES;
				INFOPLIST_FILE = "TimTestVideoPlayer-tvOS/Info.plist";
				INFOPLIST_KEY_UILaunchStoryboardName = LaunchScreen;
				INFOPLIST_KEY_UIMainStoryboardFile = Main;
				INFOPLIST_KEY_UIUserInterfaceStyle = Automatic;
				LD_RUNPATH_SEARCH_PATHS = (
					"$(inherited)",
					"@executable_path/Frameworks",
				);
				MARKETING_VERSION = 1.0;
				PRODUCT_BUNDLE_IDENTIFIER = "com.ta.TimTestVideoPlayer-tvOS";
				PRODUCT_NAME = "$(TARGET_NAME)";
				SDKROOT = appletvos;
				SWIFT_EMIT_LOC_STRINGS = YES;
				SWIFT_VERSION = 5.0;
				TARGETED_DEVICE_FAMILY = 3;
				TVOS_DEPLOYMENT_TARGET = 15.4;
			};
			name = Release;
		};
/* End XCBuildConfiguration section */

/* Begin XCConfigurationList section */
		BA17530F2853BDEE0087BB3A /* Build configuration list for PBXProject "TimTestVideoPlayer" */ = {
			isa = XCConfigurationList;
			buildConfigurations = (
				BA1753262853BDEF0087BB3A /* Debug */,
				BA1753272853BDEF0087BB3A /* Release */,
			);
			defaultConfigurationIsVisible = 0;
			defaultConfigurationName = Release;
		};
		BA1753282853BDEF0087BB3A /* Build configuration list for PBXNativeTarget "TimTestVideoPlayer-iOS" */ = {
			isa = XCConfigurationList;
			buildConfigurations = (
				BA1753292853BDEF0087BB3A /* Debug */,
				BA17532A2853BDEF0087BB3A /* Release */,
			);
			defaultConfigurationIsVisible = 0;
			defaultConfigurationName = Release;
		};
		BA1753432853C2480087BB3A /* Build configuration list for PBXNativeTarget "TimTestVideoPlayer-tvOS" */ = {
			isa = XCConfigurationList;
			buildConfigurations = (
				BA1753442853C2480087BB3A /* Debug */,
				BA1753452853C2480087BB3A /* Release */,
			);
			defaultConfigurationIsVisible = 0;
			defaultConfigurationName = Release;
		};
/* End XCConfigurationList section */
	};
	rootObject = BA17530C2853BDEE0087BB3A /* Project object */;
}
